// !$*UTF8*$!
{
	archiveVersion = 1;
	classes = {
	};
	objectVersion = 42;
	objects = {

/* Begin PBXFileReference section */
		1F3A8B621338B45F001F093F /* second.ofx */ = {isa = PBXFileReference; fileEncoding = 4; lastKnownFileType = text; name = second.ofx; path = test/second.ofx; sourceTree = SOURCE_ROOT; };
		1FABC1001337C63F00FD6C8C /* OFXByteCode.h */ = {isa = PBXFileReference; fileEncoding = 4; lastKnownFileType = sourcecode.c.h; name = OFXByteCode.h; path = src/generator/OFXByteCode.h; sourceTree = SOURCE_ROOT; };
		1FABC1011337C63F00FD6C8C /* OFXByteCode.cpp */ = {isa = PBXFileReference; fileEncoding = 4; lastKnownFileType = sourcecode.cpp.cpp; name = OFXByteCode.cpp; path = src/generator/OFXByteCode.cpp; sourceTree = SOURCE_ROOT; };
		1FABC1021337C64F00FD6C8C /* InterfaceToBuild.h */ = {isa = PBXFileReference; fileEncoding = 4; lastKnownFileType = sourcecode.c.h; path = InterfaceToBuild.h; sourceTree = "<group>"; };
		9B2D3909132682BF009612EC /* TestGame1.ofx */ = {isa = PBXFileReference; fileEncoding = 4; lastKnownFileType = text; name = TestGame1.ofx; path = test/TestGame1.ofx; sourceTree = "<group>"; };
		A402314E13242CEE00F165E7 /* SemanticAnalisis.h */ = {isa = PBXFileReference; fileEncoding = 4; lastKnownFileType = sourcecode.c.h; name = SemanticAnalisis.h; path = src/SemanticAnalisis.h; sourceTree = "<group>"; };
		A402314F13242CEE00F165E7 /* SemanticAnalisis.cpp */ = {isa = PBXFileReference; fileEncoding = 4; lastKnownFileType = sourcecode.cpp.cpp; name = SemanticAnalisis.cpp; path = src/SemanticAnalisis.cpp; sourceTree = "<group>"; };
		A40E7EF51296A2FD00FF2B68 /* syntactic_parser.output */ = {isa = PBXFileReference; fileEncoding = 4; lastKnownFileType = text; name = syntactic_parser.output; path = build/syntactic_parser.output; sourceTree = "<group>"; };
		A44063591320107A007A19E2 /* Expresion.cpp */ = {isa = PBXFileReference; fileEncoding = 4; lastKnownFileType = sourcecode.cpp.cpp; name = Expresion.cpp; path = src/treeCode/Expresion.cpp; sourceTree = "<group>"; };
		A440635A1320108F007A19E2 /* Condition.h */ = {isa = PBXFileReference; fileEncoding = 4; lastKnownFileType = sourcecode.c.h; name = Condition.h; path = src/treeCode/Condition.h; sourceTree = "<group>"; };
		A440635B1320108F007A19E2 /* Condition.cpp */ = {isa = PBXFileReference; fileEncoding = 4; lastKnownFileType = sourcecode.cpp.cpp; name = Condition.cpp; path = src/treeCode/Condition.cpp; sourceTree = "<group>"; };
		A4429E1F12E7656500B593AD /* syntacticElement.h */ = {isa = PBXFileReference; fileEncoding = 4; lastKnownFileType = sourcecode.c.h; name = syntacticElement.h; path = src/classes/syntacticElement.h; sourceTree = "<group>"; };
		A4429E2012E7656500B593AD /* syntacticElement.cpp */ = {isa = PBXFileReference; fileEncoding = 4; lastKnownFileType = sourcecode.cpp.cpp; name = syntacticElement.cpp; path = src/classes/syntacticElement.cpp; sourceTree = "<group>"; };
		A449A5B11291885C00B9D77C /* syntactic_parser.y */ = {isa = PBXFileReference; explicitFileType = sourcecode.cpp.cpp; fileEncoding = 4; name = syntactic_parser.y; path = src/syntactic_parser.y; sourceTree = "<group>"; };
		A45E68FD12DD06FF0063194C /* README.txt */ = {isa = PBXFileReference; fileEncoding = 4; lastKnownFileType = text; path = README.txt; sourceTree = "<group>"; };
		A471C8421377DB94000A6399 /* bytecode.asm */ = {isa = PBXFileReference; fileEncoding = 4; lastKnownFileType = sourcecode.asm.asm; path = bytecode.asm; sourceTree = "<group>"; };
		A4730888136C36DE00E92804 /* hello_world.ofx */ = {isa = PBXFileReference; fileEncoding = 4; lastKnownFileType = text; name = hello_world.ofx; path = test/hello_world.ofx; sourceTree = "<group>"; };
		A4730AEB136E99D800E92804 /* ASM_instructions.h */ = {isa = PBXFileReference; fileEncoding = 4; lastKnownFileType = sourcecode.c.h; name = ASM_instructions.h; path = src/ASM_instructions.h; sourceTree = "<group>"; };
		A4730AEC136E9A3A00E92804 /* OFXRootGenerator.cpp */ = {isa = PBXFileReference; fileEncoding = 4; lastKnownFileType = sourcecode.cpp.cpp; name = OFXRootGenerator.cpp; path = src/generator/OFXRootGenerator.cpp; sourceTree = "<group>"; };
		A4730AED136E9A3A00E92804 /* OFXRootGenerator.h */ = {isa = PBXFileReference; fileEncoding = 4; lastKnownFileType = sourcecode.c.h; name = OFXRootGenerator.h; path = src/generator/OFXRootGenerator.h; sourceTree = "<group>"; };
		A4730AEE136E9AB700E92804 /* OFXConstant.h */ = {isa = PBXFileReference; fileEncoding = 4; lastKnownFileType = sourcecode.c.h; name = OFXConstant.h; path = src/generator/OFXConstant.h; sourceTree = "<group>"; };
		A4730AEF136E9AB700E92804 /* OFXConstant.cpp */ = {isa = PBXFileReference; fileEncoding = 4; lastKnownFileType = sourcecode.cpp.cpp; name = OFXConstant.cpp; path = src/generator/OFXConstant.cpp; sourceTree = "<group>"; };
		A4730AF0136E9ACD00E92804 /* OFXClass.h */ = {isa = PBXFileReference; fileEncoding = 4; lastKnownFileType = sourcecode.c.h; name = OFXClass.h; path = src/generator/OFXClass.h; sourceTree = "<group>"; };
		A4730AF1136E9ACD00E92804 /* OFXClass.cpp */ = {isa = PBXFileReference; fileEncoding = 4; lastKnownFileType = sourcecode.cpp.cpp; name = OFXClass.cpp; path = src/generator/OFXClass.cpp; sourceTree = "<group>"; };
		A47310EC1370204700E92804 /* bytecode_debug.out */ = {isa = PBXFileReference; fileEncoding = 4; lastKnownFileType = text; path = bytecode_debug.out; sourceTree = "<group>"; };
		A474C6B612E48DFF001E9863 /* Base.ofx */ = {isa = PBXFileReference; fileEncoding = 4; lastKnownFileType = text; name = Base.ofx; path = BaseLibs/Base.ofx; sourceTree = "<group>"; };
		A4833B7F137C379500FDFF54 /* proves.ofx */ = {isa = PBXFileReference; fileEncoding = 4; lastKnownFileType = text; name = proves.ofx; path = test/proves.ofx; sourceTree = "<group>"; };
		A48BCB06131D54C10030E32A /* Base.cpp */ = {isa = PBXFileReference; fileEncoding = 4; lastKnownFileType = sourcecode.cpp.cpp; name = Base.cpp; path = src/treeCode/Base.cpp; sourceTree = "<group>"; };
		A48BCB07131D54C10030E32A /* Base.h */ = {isa = PBXFileReference; fileEncoding = 4; lastKnownFileType = sourcecode.c.h; name = Base.h; path = src/treeCode/Base.h; sourceTree = "<group>"; };
		A48BCB08131D54C10030E32A /* Expresion.h */ = {isa = PBXFileReference; fileEncoding = 4; lastKnownFileType = sourcecode.c.h; name = Expresion.h; path = src/treeCode/Expresion.h; sourceTree = "<group>"; };
		A48CF5961306ED6D00A5FC4A /* semantic_debug.out */ = {isa = PBXFileReference; fileEncoding = 4; lastKnownFileType = text; path = semantic_debug.out; sourceTree = "<group>"; };
		A48CF5971306ED6D00A5FC4A /* syntactic_debug.out */ = {isa = PBXFileReference; fileEncoding = 4; lastKnownFileType = text; path = syntactic_debug.out; sourceTree = "<group>"; };
		A48CF5AA1306EF6300A5FC4A /* nameSpace.h */ = {isa = PBXFileReference; fileEncoding = 4; lastKnownFileType = sourcecode.c.h; name = nameSpace.h; path = src/classes/nameSpace.h; sourceTree = "<group>"; };
		A48CF5AB1306EF6300A5FC4A /* nameSpace.cpp */ = {isa = PBXFileReference; fileEncoding = 4; lastKnownFileType = sourcecode.cpp.cpp; name = nameSpace.cpp; path = src/classes/nameSpace.cpp; sourceTree = "<group>"; };
		A490F0CC12E64F12009DC60A /* PruebaListas.ofx */ = {isa = PBXFileReference; fileEncoding = 4; lastKnownFileType = text; name = PruebaListas.ofx; path = test/PruebaListas.ofx; sourceTree = "<group>"; };
		A4A7679E1292783600C8AE42 /* symtab.h */ = {isa = PBXFileReference; fileEncoding = 4; lastKnownFileType = sourcecode.c.h; name = symtab.h; path = src/symtab.h; sourceTree = "<group>"; };
		A4AE17ED12DDEE1F009A915F /* clist.h */ = {isa = PBXFileReference; fileEncoding = 4; lastKnownFileType = sourcecode.c.h; name = clist.h; path = src/classes/clist.h; sourceTree = "<group>"; };
		A4AE17EE12DDEE1F009A915F /* clist.cpp */ = {isa = PBXFileReference; fileEncoding = 4; lastKnownFileType = sourcecode.cpp.cpp; name = clist.cpp; path = src/classes/clist.cpp; sourceTree = "<group>"; };
		A4AE17FD12DDFA15009A915F /* debug.h */ = {isa = PBXFileReference; fileEncoding = 4; lastKnownFileType = sourcecode.c.h; name = debug.h; path = src/debug.h; sourceTree = "<group>"; };
		A4AE17FE12DDFA15009A915F /* debug.cpp */ = {isa = PBXFileReference; fileEncoding = 4; lastKnownFileType = sourcecode.cpp.cpp; name = debug.cpp; path = src/debug.cpp; sourceTree = "<group>"; };
		A4AE17FF12DDFA86009A915F /* tools.h */ = {isa = PBXFileReference; fileEncoding = 4; lastKnownFileType = sourcecode.c.h; name = tools.h; path = src/tools.h; sourceTree = "<group>"; };
		A4AE180012DDFA86009A915F /* tools.cpp */ = {isa = PBXFileReference; fileEncoding = 4; lastKnownFileType = sourcecode.cpp.cpp; name = tools.cpp; path = src/tools.cpp; sourceTree = "<group>"; };
		A4C907311420A731006E7C13 /* ofx-c */ = {isa = PBXFileReference; lastKnownFileType = "compiled.mach-o.executable"; path = "ofx-c"; sourceTree = "<group>"; };
		A4D15B2C131A7D5D007C7DC0 /* Loop.h */ = {isa = PBXFileReference; fileEncoding = 4; lastKnownFileType = sourcecode.c.h; name = Loop.h; path = src/treeCode/Loop.h; sourceTree = "<group>"; };
		A4D15B2D131A7D5D007C7DC0 /* Loop.cpp */ = {isa = PBXFileReference; fileEncoding = 4; lastKnownFileType = sourcecode.cpp.cpp; name = Loop.cpp; path = src/treeCode/Loop.cpp; sourceTree = "<group>"; };
		A4D4A8C0128D44C20081E420 /* main.h */ = {isa = PBXFileReference; fileEncoding = 4; lastKnownFileType = sourcecode.c.h; name = main.h; path = src/main.h; sourceTree = "<group>"; };
		A4D4A8C1128D44C20081E420 /* main.cpp */ = {isa = PBXFileReference; fileEncoding = 4; lastKnownFileType = sourcecode.cpp.cpp; name = main.cpp; path = src/main.cpp; sourceTree = "<group>"; };
		A4EDAADF12C21B24007433E7 /* First.ofx */ = {isa = PBXFileReference; fileEncoding = 4; lastKnownFileType = text; name = First.ofx; path = test/First.ofx; sourceTree = "<group>"; };
		A4EDAAE212C21D22007433E7 /* syntactic_parser_pract.y */ = {isa = PBXFileReference; fileEncoding = 4; lastKnownFileType = sourcecode.yacc; name = syntactic_parser_pract.y; path = src/syntactic_parser_pract.y; sourceTree = "<group>"; };
		A4F341871260BF420055D428 /* lexical_analyzer.l */ = {isa = PBXFileReference; fileEncoding = 4; lastKnownFileType = sourcecode.lex; name = lexical_analyzer.l; path = src/lexical_analyzer.l; sourceTree = "<group>"; };
		A4F38AD11337F317004890BB /* Objeto.cpp */ = {isa = PBXFileReference; fileEncoding = 4; lastKnownFileType = sourcecode.cpp.cpp; name = Objeto.cpp; path = src/classes/Objeto.cpp; sourceTree = "<group>"; };
		A4F38AD21337F317004890BB /* Objeto.h */ = {isa = PBXFileReference; fileEncoding = 4; lastKnownFileType = sourcecode.c.h; name = Objeto.h; path = src/classes/Objeto.h; sourceTree = "<group>"; };
/* End PBXFileReference section */

/* Begin PBXGroup section */
		1FABC0FF1337C5FB00FD6C8C /* generator */ = {
			isa = PBXGroup;
			children = (
				A4730AEC136E9A3A00E92804 /* OFXRootGenerator.cpp */,
				A4730AED136E9A3A00E92804 /* OFXRootGenerator.h */,
				1FABC1001337C63F00FD6C8C /* OFXByteCode.h */,
				1FABC1011337C63F00FD6C8C /* OFXByteCode.cpp */,
				1FABC1021337C64F00FD6C8C /* InterfaceToBuild.h */,
				A4730AEE136E9AB700E92804 /* OFXConstant.h */,
				A4730AEF136E9AB700E92804 /* OFXConstant.cpp */,
				A4730AF0136E9ACD00E92804 /* OFXClass.h */,
				A4730AF1136E9ACD00E92804 /* OFXClass.cpp */,
			);
			name = generator;
			sourceTree = "<group>";
		};
		A40E7EF41296A2E500FF2B68 /* Build */ = {
			isa = PBXGroup;
			children = (
				A40E7EF51296A2FD00FF2B68 /* syntactic_parser.output */,
			);
			name = Build;
			sourceTree = "<group>";
		};
		A474C6B512E48DC4001E9863 /* BaseLibs */ = {
			isa = PBXGroup;
			children = (
				A474C6B612E48DFF001E9863 /* Base.ofx */,
			);
			name = BaseLibs;
			sourceTree = "<group>";
		};
		A48CF5951306ED4700A5FC4A /* debug */ = {
			isa = PBXGroup;
			children = (
				A471C8421377DB94000A6399 /* bytecode.asm */,
				A47310EC1370204700E92804 /* bytecode_debug.out */,
				A48CF5961306ED6D00A5FC4A /* semantic_debug.out */,
				A48CF5971306ED6D00A5FC4A /* syntactic_debug.out */,
			);
			name = debug;
			sourceTree = "<group>";
		};
		A4C907301420A6F5006E7C13 /* Targets */ = {
			isa = PBXGroup;
			children = (
				A4C907311420A731006E7C13 /* ofx-c */,
			);
			name = Targets;
			sourceTree = "<group>";
		};
		A4CE6BC012A6AA6E00E04863 /* Test */ = {
			isa = PBXGroup;
			children = (
				A4833B7F137C379500FDFF54 /* proves.ofx */,
				9B2D3909132682BF009612EC /* TestGame1.ofx */,
				A490F0CC12E64F12009DC60A /* PruebaListas.ofx */,
				A4EDAADF12C21B24007433E7 /* First.ofx */,
				1F3A8B621338B45F001F093F /* second.ofx */,
				A4730888136C36DE00E92804 /* hello_world.ofx */,
			);
			name = Test;
			sourceTree = "<group>";
		};
		A4D15B2B131A7D1E007C7DC0 /* treeCode */ = {
			isa = PBXGroup;
			children = (
				A48BCB06131D54C10030E32A /* Base.cpp */,
				A48BCB07131D54C10030E32A /* Base.h */,
				A4D15B2C131A7D5D007C7DC0 /* Loop.h */,
				A4D15B2D131A7D5D007C7DC0 /* Loop.cpp */,
				A48BCB08131D54C10030E32A /* Expresion.h */,
				A44063591320107A007A19E2 /* Expresion.cpp */,
				A440635A1320108F007A19E2 /* Condition.h */,
				A440635B1320108F007A19E2 /* Condition.cpp */,
			);
			name = treeCode;
			sourceTree = "<group>";
		};
		A4F341791260B8170055D428 = {
			isa = PBXGroup;
			children = (
				A4C907301420A6F5006E7C13 /* Targets */,
				A48CF5951306ED4700A5FC4A /* debug */,
				A474C6B512E48DC4001E9863 /* BaseLibs */,
				A45E68FD12DD06FF0063194C /* README.txt */,
				A4CE6BC012A6AA6E00E04863 /* Test */,
				A40E7EF41296A2E500FF2B68 /* Build */,
				A4F341861260BF220055D428 /* src */,
			);
			sourceTree = "<group>";
		};
		A4F341861260BF220055D428 /* src */ = {
			isa = PBXGroup;
			children = (
				A4730AEB136E99D800E92804 /* ASM_instructions.h */,
				1FABC0FF1337C5FB00FD6C8C /* generator */,
				A4D15B2B131A7D1E007C7DC0 /* treeCode */,
				A4EDAAE212C21D22007433E7 /* syntactic_parser_pract.y */,
				A4F3418A1260C2D20055D428 /* classes */,
				A4F341871260BF420055D428 /* lexical_analyzer.l */,
				A4D4A8C0128D44C20081E420 /* main.h */,
				A4D4A8C1128D44C20081E420 /* main.cpp */,
				A4A7679E1292783600C8AE42 /* symtab.h */,
				A449A5B11291885C00B9D77C /* syntactic_parser.y */,
				A4AE17FD12DDFA15009A915F /* debug.h */,
				A4AE17FE12DDFA15009A915F /* debug.cpp */,
				A4AE17FF12DDFA86009A915F /* tools.h */,
				A4AE180012DDFA86009A915F /* tools.cpp */,
				A402314E13242CEE00F165E7 /* SemanticAnalisis.h */,
				A402314F13242CEE00F165E7 /* SemanticAnalisis.cpp */,
			);
			name = src;
			sourceTree = "<group>";
		};
		A4F3418A1260C2D20055D428 /* classes */ = {
			isa = PBXGroup;
			children = (
				A4F38AD11337F317004890BB /* Objeto.cpp */,
				A4F38AD21337F317004890BB /* Objeto.h */,
				A4AE17ED12DDEE1F009A915F /* clist.h */,
				A4AE17EE12DDEE1F009A915F /* clist.cpp */,
				A4429E1F12E7656500B593AD /* syntacticElement.h */,
				A4429E2012E7656500B593AD /* syntacticElement.cpp */,
				A48CF5AA1306EF6300A5FC4A /* nameSpace.h */,
				A48CF5AB1306EF6300A5FC4A /* nameSpace.cpp */,
			);
			name = classes;
			sourceTree = "<group>";
		};
/* End PBXGroup section */

/* Begin PBXLegacyTarget section */
		A49F296812BA271600433836 /* ofx */ = {
			isa = PBXLegacyTarget;
			buildArgumentsString = "$(ACTION)";
			buildConfigurationList = A49F296D12BA274C00433836 /* Build configuration list for PBXLegacyTarget "ofx" */;
			buildPhases = (
			);
			buildToolPath = /usr/bin/make;
			buildWorkingDirectory = /Users/dracks/Documents/Programacio/ofx/cmake/compilador;
			dependencies = (
			);
			name = ofx;
			passBuildSettingsInEnvironment = 1;
			productName = mada;
		};
/* End PBXLegacyTarget section */

/* Begin PBXProject section */
		A4F3417B1260B8170055D428 /* Project object */ = {
			isa = PBXProject;
			attributes = {
				BuildIndependentTargetsInParallel = NO;
			};
			buildConfigurationList = A4F3417E1260B8170055D428 /* Build configuration list for PBXProject "compilador" */;
			compatibilityVersion = "Xcode 2.4";
			developmentRegion = English;
			hasScannedForEncodings = 0;
			knownRegions = (
				English,
				Japanese,
				French,
				German,
			);
			mainGroup = A4F341791260B8170055D428;
			projectDirPath = "";
			projectRoot = "";
			targets = (
				A49F296812BA271600433836 /* ofx */,
			);
		};
/* End PBXProject section */

/* Begin XCBuildConfiguration section */
		A49F296912BA271600433836 /* Debug */ = {
			isa = XCBuildConfiguration;
			buildSettings = {
				COPY_PHASE_STRIP = NO;
				GCC_DYNAMIC_NO_PIC = NO;
				GCC_OPTIMIZATION_LEVEL = 0;
				PRODUCT_NAME = "objective-Fenix";
			};
			name = Debug;
		};
		A49F296A12BA271600433836 /* Release */ = {
			isa = XCBuildConfiguration;
			buildSettings = {
				COPY_PHASE_STRIP = YES;
				DEBUG_INFORMATION_FORMAT = "dwarf-with-dsym";
				GCC_ENABLE_FIX_AND_CONTINUE = NO;
				PRODUCT_NAME = mada;
				ZERO_LINK = NO;
			};
			name = Release;
		};
		A4F3417C1260B8170055D428 /* Debug */ = {
			isa = XCBuildConfiguration;
			buildSettings = {
				ARCHS = (
					x86_64,
					i386,
					ppc,
				);
				COPY_PHASE_STRIP = NO;
			};
			name = Debug;
		};
		A4F3417D1260B8170055D428 /* Release */ = {
			isa = XCBuildConfiguration;
			buildSettings = {
				COPY_PHASE_STRIP = YES;
			};
			name = Release;
		};
/* End XCBuildConfiguration section */

/* Begin XCConfigurationList section */
		A49F296D12BA274C00433836 /* Build configuration list for PBXLegacyTarget "ofx" */ = {
			isa = XCConfigurationList;
			buildConfigurations = (
				A49F296912BA271600433836 /* Debug */,
				A49F296A12BA271600433836 /* Release */,
			);
			defaultConfigurationIsVisible = 0;
			defaultConfigurationName = Release;
		};
		A4F3417E1260B8170055D428 /* Build configuration list for PBXProject "compilador" */ = {
			isa = XCConfigurationList;
			buildConfigurations = (
				A4F3417C1260B8170055D428 /* Debug */,
				A4F3417D1260B8170055D428 /* Release */,
			);
			defaultConfigurationIsVisible = 0;
			defaultConfigurationName = Release;
		};
/* End XCConfigurationList section */
	};
	rootObject = A4F3417B1260B8170055D428 /* Project object */;
}
